{
  "lockfileVersion": 1,
  "configVersion": 1,
  "workspaces": {
    "": {
      "name": "happy-metrics",
      "dependencies": {
        "@dimforge/rapier3d-compat": "^0.19.3",
        "matter-js": "^0.20.0",
        "react": "^19.1.0",
        "react-dom": "^19.1.0",
        "three": "^0.182.0",
        "zustand": "^5.0.3",
      },
      "devDependencies": {
        "@types/bun": "latest",
        "@types/matter-js": "^0.20.2",
        "@types/react": "^19.1.0",
        "@types/react-dom": "^19.1.0",
        "@types/three": "^0.182.0",
        "bun-plugin-tailwind": "latest",
        "tailwindcss": "^4.0.0",
        "typescript": "^5.0.0",
      },
    },
  },
  "packages": {
    "@dimforge/rapier3d-compat": ["@dimforge/rapier3d-compat@0.19.3", "", {}, "sha512-mMVdSj1PRTT108s9Swbu2GQOmHbn8kbJANRV5xfczL3s0T4vkgZAuoMRgvBzQcHanpKusbC0ZJj6z3mC3aj3vg=="],

    "@oven/bun-darwin-aarch64": ["@oven/bun-darwin-aarch64@1.3.9", "", { "os": "darwin", "cpu": "arm64" }, "sha512-df7smckMWSUfaT5mzwN9Lfpd3ZGkOqo+vmQ8VV2a32gl14v6uZ/qeeo+1RlANXn8M0uzXPWWCkrKZIWSZUR0qw=="],

    "@oven/bun-darwin-x64": ["@oven/bun-darwin-x64@1.3.9", "", { "os": "darwin", "cpu": "x64" }, "sha512-YiLxfsPzQqaVvT2a+nxH9do0YfUjrlxF3tKP0b1DDgvfgCcVKGsrQH3Wa82qHgL4dnT8h2bqi94JxXESEuPmcA=="],

    "@oven/bun-darwin-x64-baseline": ["@oven/bun-darwin-x64-baseline@1.3.9", "", { "os": "darwin", "cpu": "x64" }, "sha512-XbhsA2XAFzvFr0vPSV6SNqGxab4xHKdPmVTLqoSHAx9tffrSq/012BDptOskulwnD+YNsrJUx2D2Ve1xvfgGcg=="],

    "@oven/bun-linux-aarch64": ["@oven/bun-linux-aarch64@1.3.9", "", { "os": "linux", "cpu": "arm64" }, "sha512-VaNQTu0Up4gnwZLQ6/Hmho6jAlLxTQ1PwxEth8EsXHf82FOXXPV5OCQ6KC9mmmocjKlmWFaIGebThrOy8DUo4g=="],

    "@oven/bun-linux-aarch64-musl": ["@oven/bun-linux-aarch64-musl@1.3.9", "", { "os": "linux", "cpu": "arm64" }, "sha512-t8uimCVBTw5f9K2QTZE5wN6UOrFETNrh/Xr7qtXT9nAOzaOnIFvYA+HcHbGfi31fRlCVfTxqm/EiCwJ1gEw9YQ=="],

    "@oven/bun-linux-x64": ["@oven/bun-linux-x64@1.3.9", "", { "os": "linux", "cpu": "x64" }, "sha512-oQyAW3+ugulvXTZ+XYeUMmNPR94sJeMokfHQoKwPvVwhVkgRuMhcLGV2ZesHCADVu30Oz2MFXbgdC8x4/o9dRg=="],

    "@oven/bun-linux-x64-baseline": ["@oven/bun-linux-x64-baseline@1.3.9", "", { "os": "linux", "cpu": "x64" }, "sha512-nZ12g22cy7pEOBwAxz2tp0wVqekaCn9QRKuGTHqOdLlyAqR4SCdErDvDhUWd51bIyHTQoCmj72TegGTgG0WNPw=="],

    "@oven/bun-linux-x64-musl": ["@oven/bun-linux-x64-musl@1.3.9", "", { "os": "linux", "cpu": "x64" }, "sha512-4ZjIUgCxEyKwcKXideB5sX0KJpnHTZtu778w73VNq2uNH2fNpMZv98+DBgJyQ9OfFoRhmKn1bmLmSefvnHzI9w=="],

    "@oven/bun-linux-x64-musl-baseline": ["@oven/bun-linux-x64-musl-baseline@1.3.9", "", { "os": "linux", "cpu": "x64" }, "sha512-3FXQgtYFsT0YOmAdMcJn56pLM5kzSl6y942rJJIl5l2KummB9Ea3J/vMJMzQk7NCAGhleZGWU/pJSS/uXKGa7w=="],

    "@oven/bun-windows-x64": ["@oven/bun-windows-x64@1.3.9", "", { "os": "win32", "cpu": "x64" }, "sha512-/d6vAmgKvkoYlsGPsRPlPmOK1slPis/F40UG02pYwypTH0wmY0smgzdFqR4YmryxFh17XrW1kITv+U99Oajk9Q=="],

    "@oven/bun-windows-x64-baseline": ["@oven/bun-windows-x64-baseline@1.3.9", "", { "os": "win32", "cpu": "x64" }, "sha512-a/+hSrrDpMD7THyXvE2KJy1skxzAD0cnW4K1WjuI/91VqsphjNzvf5t/ZgxEVL4wb6f+hKrSJ5J3aH47zPr61g=="],

    "@tweenjs/tween.js": ["@tweenjs/tween.js@23.1.3", "", {}, "sha512-vJmvvwFxYuGnF2axRtPYocag6Clbb5YS7kLL+SO/TeVFzHqDIWrNKYtcsPMibjDx9O+bu+psAy9NKfWklassUA=="],

    "@types/bun": ["@types/bun@1.3.7", "", { "dependencies": { "bun-types": "1.3.7" } }, "sha512-lmNuMda+Z9b7tmhA0tohwy8ZWFSnmQm1UDWXtH5r9F7wZCfkeO3Jx7wKQ1EOiKq43yHts7ky6r8SDJQWRNupkA=="],

    "@types/matter-js": ["@types/matter-js@0.20.2", "", {}, "sha512-3PPKy3QxvZ89h9+wdBV2488I1JLVs7DEpIkPvgO8JC1mUdiVSO37ZIvVctOTD7hIq8OAL2gJ3ugGSuUip6DhCw=="],

    "@types/node": ["@types/node@25.1.0", "", { "dependencies": { "undici-types": "~7.16.0" } }, "sha512-t7frlewr6+cbx+9Ohpl0NOTKXZNV9xHRmNOvql47BFJKcEG1CxtxlPEEe+gR9uhVWM4DwhnvTF110mIL4yP9RA=="],

    "@types/react": ["@types/react@19.2.14", "", { "dependencies": { "csstype": "^3.2.2" } }, "sha512-ilcTH/UniCkMdtexkoCN0bI7pMcJDvmQFPvuPvmEaYA/NSfFTAgdUSLAoVjaRJm7+6PvcM+q1zYOwS4wTYMF9w=="],

    "@types/react-dom": ["@types/react-dom@19.2.3", "", { "peerDependencies": { "@types/react": "^19.2.0" } }, "sha512-jp2L/eY6fn+KgVVQAOqYItbF0VY/YApe5Mz2F0aykSO8gx31bYCZyvSeYxCHKvzHG5eZjc+zyaS5BrBWya2+kQ=="],

    "@types/stats.js": ["@types/stats.js@0.17.4", "", {}, "sha512-jIBvWWShCvlBqBNIZt0KAshWpvSjhkwkEu4ZUcASoAvhmrgAUI2t1dXrjSL4xXVLB4FznPrIsX3nKXFl/Dt4vA=="],

    "@types/three": ["@types/three@0.182.0", "", { "dependencies": { "@dimforge/rapier3d-compat": "~0.12.0", "@tweenjs/tween.js": "~23.1.3", "@types/stats.js": "*", "@types/webxr": ">=0.5.17", "@webgpu/types": "*", "fflate": "~0.8.2", "meshoptimizer": "~0.22.0" } }, "sha512-WByN9V3Sbwbe2OkWuSGyoqQO8Du6yhYaXtXLoA5FkKTUJorZ+yOHBZ35zUUPQXlAKABZmbYp5oAqpA4RBjtJ/Q=="],

    "@types/webxr": ["@types/webxr@0.5.24", "", {}, "sha512-h8fgEd/DpoS9CBrjEQXR+dIDraopAEfu4wYVNY2tEPwk60stPWhvZMf4Foo5FakuQ7HFZoa8WceaWFervK2Ovg=="],

    "@webgpu/types": ["@webgpu/types@0.1.69", "", {}, "sha512-RPmm6kgRbI8e98zSD3RVACvnuktIja5+yLgDAkTmxLr90BEwdTXRQWNLF3ETTTyH/8mKhznZuN5AveXYFEsMGQ=="],

    "bun": ["bun@1.3.9", "", { "optionalDependencies": { "@oven/bun-darwin-aarch64": "1.3.9", "@oven/bun-darwin-x64": "1.3.9", "@oven/bun-darwin-x64-baseline": "1.3.9", "@oven/bun-linux-aarch64": "1.3.9", "@oven/bun-linux-aarch64-musl": "1.3.9", "@oven/bun-linux-x64": "1.3.9", "@oven/bun-linux-x64-baseline": "1.3.9", "@oven/bun-linux-x64-musl": "1.3.9", "@oven/bun-linux-x64-musl-baseline": "1.3.9", "@oven/bun-windows-x64": "1.3.9", "@oven/bun-windows-x64-baseline": "1.3.9" }, "os": [ "linux", "win32", "darwin", ], "cpu": [ "x64", "arm64", ], "bin": { "bun": "bin/bun.exe", "bunx": "bin/bunx.exe" } }, "sha512-v5hkh1us7sMNjfimWE70flYbD5I1/qWQaqmJ45q2qk5H/7muQVa478LSVRSFyGTBUBog2LsPQnfIRdjyWJRY+A=="],

    "bun-plugin-tailwind": ["bun-plugin-tailwind@0.1.2", "", { "peerDependencies": { "bun": ">=1.0.0" } }, "sha512-41jNC1tZRSK3s1o7pTNrLuQG8kL/0vR/JgiTmZAJ1eHwe0w5j6HFPKeqEk0WAD13jfrUC7+ULuewFBBCoADPpg=="],

    "bun-types": ["bun-types@1.3.7", "", { "dependencies": { "@types/node": "*" } }, "sha512-qyschsA03Qz+gou+apt6HNl6HnI+sJJLL4wLDke4iugsE6584CMupOtTY1n+2YC9nGVrEKUlTs99jjRLKgWnjQ=="],

    "csstype": ["csstype@3.2.3", "", {}, "sha512-z1HGKcYy2xA8AGQfwrn0PAy+PB7X/GSj3UVJW9qKyn43xWa+gl5nXmU4qqLMRzWVLFC8KusUX8T/0kCiOYpAIQ=="],

    "fflate": ["fflate@0.8.2", "", {}, "sha512-cPJU47OaAoCbg0pBvzsgpTPhmhqI5eJjh/JIu8tPj5q+T7iLvW/JAYUqmE7KOB4R1ZyEhzBaIQpQpardBF5z8A=="],

    "matter-js": ["matter-js@0.20.0", "", {}, "sha512-iC9fYR7zVT3HppNnsFsp9XOoQdQN2tUyfaKg4CHLH8bN+j6GT4Gw7IH2rP0tflAebrHFw730RR3DkVSZRX8hwA=="],

    "meshoptimizer": ["meshoptimizer@0.22.0", "", {}, "sha512-IebiK79sqIy+E4EgOr+CAw+Ke8hAspXKzBd0JdgEmPHiAwmvEj2S4h1rfvo+o/BnfEYd/jAOg5IeeIjzlzSnDg=="],

    "react": ["react@19.2.4", "", {}, "sha512-9nfp2hYpCwOjAN+8TZFGhtWEwgvWHXqESH8qT89AT/lWklpLON22Lc8pEtnpsZz7VmawabSU0gCjnj8aC0euHQ=="],

    "react-dom": ["react-dom@19.2.4", "", { "dependencies": { "scheduler": "^0.27.0" }, "peerDependencies": { "react": "^19.2.4" } }, "sha512-AXJdLo8kgMbimY95O2aKQqsz2iWi9jMgKJhRBAxECE4IFxfcazB2LmzloIoibJI3C12IlY20+KFaLv+71bUJeQ=="],

    "scheduler": ["scheduler@0.27.0", "", {}, "sha512-eNv+WrVbKu1f3vbYJT/xtiF5syA5HPIMtf9IgY/nKg0sWqzAUEvqY/xm7OcZc/qafLx/iO9FgOmeSAp4v5ti/Q=="],

    "tailwindcss": ["tailwindcss@4.1.18", "", {}, "sha512-4+Z+0yiYyEtUVCScyfHCxOYP06L5Ne+JiHhY2IjR2KWMIWhJOYZKLSGZaP5HkZ8+bY0cxfzwDE5uOmzFXyIwxw=="],

    "three": ["three@0.182.0", "", {}, "sha512-GbHabT+Irv+ihI1/f5kIIsZ+Ef9Sl5A1Y7imvS5RQjWgtTPfPnZ43JmlYI7NtCRDK9zir20lQpfg8/9Yd02OvQ=="],

    "typescript": ["typescript@5.9.3", "", { "bin": { "tsc": "bin/tsc", "tsserver": "bin/tsserver" } }, "sha512-jl1vZzPDinLr9eUt3J/t7V6FgNEw9QjvBPdysz9KfQDD41fQrC2Y4vKQdiaUpFT4bXlb1RHhLpp8wtm6M5TgSw=="],

    "undici-types": ["undici-types@7.16.0", "", {}, "sha512-Zz+aZWSj8LE6zoxD+xrjh4VfkIG8Ya6LvYkZqtUQGJPZjYl53ypCaUwWqo7eI0x66KBGeRo+mlBEkMSeSZ38Nw=="],

    "zustand": ["zustand@5.0.11", "", { "peerDependencies": { "@types/react": ">=18.0.0", "immer": ">=9.0.6", "react": ">=18.0.0", "use-sync-external-store": ">=1.2.0" }, "optionalPeers": ["@types/react", "immer", "react", "use-sync-external-store"] }, "sha512-fdZY+dk7zn/vbWNCYmzZULHRrss0jx5pPFiOuMZ/5HJN6Yv3u+1Wswy/4MpZEkEGhtNH+pwxZB8OKgUBPzYAGg=="],

    "@types/three/@dimforge/rapier3d-compat": ["@dimforge/rapier3d-compat@0.12.0", "", {}, "sha512-uekIGetywIgopfD97oDL5PfeezkFpNhwlzlaEYNOA0N6ghdsOvh/HYjSMek5Q2O1PYvRSDFcqFVJl4r4ZBwOow=="],
  }
}
